
Microsoft Visual Studio Solution File, Format Version 12.00
# Visual Studio 14
VisualStudioVersion = 14.0.25123.0
MinimumVisualStudioVersion = 10.0.40219.1
Project("{FAE04EC0-301F-11D3-BF4B-00C04F79EFBC}") = "Vlog", "Vlog\Vlog.csproj", "{03C06D81-8355-45E1-A7E5-8AC0CBEA9C11}"
EndProject
Project("{FAE04EC0-301F-11D3-BF4B-00C04F79EFBC}") = "Bundle", "Bundle\Bundle.csproj", "{1C4014FE-AAE4-4286-8BED-9CE83E20E23B}"
EndProject
Project("{FAE04EC0-301F-11D3-BF4B-00C04F79EFBC}") = "MyCalculator", "MyCalculator\MyCalculator.csproj", "{E155C579-29E8-48DC-AAA7-1B672B915128}"
EndProject
Global
	GlobalSection(SolutionConfigurationPlatforms) = preSolution
		Debug|Any CPU = Debug|Any CPU
		Release|Any CPU = Release|Any CPU
	EndGlobalSection
	GlobalSection(ProjectConfigurationPlatforms) = postSolution
		{03C06D81-8355-45E1-A7E5-8AC0CBEA9C11}.Debug|Any CPU.ActiveCfg = Debug|Any CPU
		{03C06D81-8355-45E1-A7E5-8AC0CBEA9C11}.Debug|Any CPU.Build.0 = Debug|Any CPU
		{03C06D81-8355-45E1-A7E5-8AC0CBEA9C11}.Release|Any CPU.ActiveCfg = Release|Any CPU
		{03C06D81-8355-45E1-A7E5-8AC0CBEA9C11}.Release|Any CPU.Build.0 = Release|Any CPU
		{1C4014FE-AAE4-4286-8BED-9CE83E20E23B}.Debug|Any CPU.ActiveCfg = Debug|Any CPU
		{1C4014FE-AAE4-4286-8BED-9CE83E20E23B}.Debug|Any CPU.Build.0 = Debug|Any CPU
		{1C4014FE-AAE4-4286-8BED-9CE83E20E23B}.Release|Any CPU.ActiveCfg = Release|Any CPU
		{1C4014FE-AAE4-4286-8BED-9CE83E20E23B}.Release|Any CPU.Build.0 = Release|Any CPU
		{E155C579-29E8-48DC-AAA7-1B672B915128}.Debug|Any CPU.ActiveCfg = Debug|Any CPU
		{E155C579-29E8-48DC-AAA7-1B672B915128}.Debug|Any CPU.Build.0 = Debug|Any CPU
		{E155C579-29E8-48DC-AAA7-1B672B915128}.Release|Any CPU.ActiveCfg = Release|Any CPU
		{E155C579-29E8-48DC-AAA7-1B672B915128}.Release|Any CPU.Build.0 = Release|Any CPU
	EndGlobalSection
	GlobalSection(SolutionProperties) = preSolution
		HideSolutionNode = FALSE
	EndGlobalSection
EndGlobal
